
Microsoft Visual Studio Solution File, Format Version 12.00
# Visual Studio 2012
Project("{FAE04EC0-301F-11D3-BF4B-00C04F79EFBC}") = "adb remote", "adb remote\adb remote.csproj", "{6F0FC5C4-53D5-4B6C-AFA5-F589184D437B}"
EndProject
Global
	GlobalSection(SolutionConfigurationPlatforms) = preSolution
		Debug|Any CPU = Debug|Any CPU
		Release|Any CPU = Release|Any CPU
	EndGlobalSection
	GlobalSection(ProjectConfigurationPlatforms) = postSolution
		{6F0FC5C4-53D5-4B6C-AFA5-F589184D437B}.Debug|Any CPU.ActiveCfg = Debug|Any CPU
		{6F0FC5C4-53D5-4B6C-AFA5-F589184D437B}.Debug|Any CPU.Build.0 = Debug|Any CPU
		{6F0FC5C4-53D5-4B6C-AFA5-F589184D437B}.Release|Any CPU.ActiveCfg = Release|Any CPU
		{6F0FC5C4-53D5-4B6C-AFA5-F589184D437B}.Release|Any CPU.Build.0 = Release|Any CPU
	EndGlobalSection
	GlobalSection(SolutionProperties) = preSolution
		HideSolutionNode = FALSE
	EndGlobalSection
EndGlobal
